
Microsoft Visual Studio Solution File, Format Version 12.00
# Visual Studio Version 17
VisualStudioVersion = 17.8.34322.80
MinimumVisualStudioVersion = 10.0.40219.1
Project("{FAE04EC0-301F-11D3-BF4B-00C04F79EFBC}") = "LibraryAPI", "LibraryAPI\LibraryAPI.csproj", "{E29F8BE5-45B7-49D0-AFCB-8ACC715ED66C}"
EndProject
Global
	GlobalSection(SolutionConfigurationPlatforms) = preSolution
		Debug|Any CPU = Debug|Any CPU
		Release|Any CPU = Release|Any CPU
	EndGlobalSection
	GlobalSection(ProjectConfigurationPlatforms) = postSolution
		{E29F8BE5-45B7-49D0-AFCB-8ACC715ED66C}.Debug|Any CPU.ActiveCfg = Debug|Any CPU
		{E29F8BE5-45B7-49D0-AFCB-8ACC715ED66C}.Debug|Any CPU.Build.0 = Debug|Any CPU
		{E29F8BE5-45B7-49D0-AFCB-8ACC715ED66C}.Release|Any CPU.ActiveCfg = Release|Any CPU
		{E29F8BE5-45B7-49D0-AFCB-8ACC715ED66C}.Release|Any CPU.Build.0 = Release|Any CPU
	EndGlobalSection
	GlobalSection(SolutionProperties) = preSolution
		HideSolutionNode = FALSE
	EndGlobalSection
	GlobalSection(ExtensibilityGlobals) = postSolution
		SolutionGuid = {A0BF74AF-094B-48B8-9058-AA04466D9130}
	EndGlobalSection
EndGlobal
